
Microsoft Visual Studio Solution File, Format Version 12.00
# Visual Studio Version 17
VisualStudioVersion = 17.1.31911.260
MinimumVisualStudioVersion = 10.0.40219.1
Project("{9A19103F-16F7-4668-BE54-9A1E7A4F7556}") = "TestAutomationCenterMenkova", "TestAutomationCenterMenkova\TestAutomationCenterMenkova.csproj", "{18B32605-1E3B-4BDE-B783-42FA6AEA8D19}"
EndProject
Global
	GlobalSection(SolutionConfigurationPlatforms) = preSolution
		Debug|Any CPU = Debug|Any CPU
		Release|Any CPU = Release|Any CPU
	EndGlobalSection
	GlobalSection(ProjectConfigurationPlatforms) = postSolution
		{18B32605-1E3B-4BDE-B783-42FA6AEA8D19}.Debug|Any CPU.ActiveCfg = Debug|Any CPU
		{18B32605-1E3B-4BDE-B783-42FA6AEA8D19}.Debug|Any CPU.Build.0 = Debug|Any CPU
		{18B32605-1E3B-4BDE-B783-42FA6AEA8D19}.Release|Any CPU.ActiveCfg = Release|Any CPU
		{18B32605-1E3B-4BDE-B783-42FA6AEA8D19}.Release|Any CPU.Build.0 = Release|Any CPU
	EndGlobalSection
	GlobalSection(SolutionProperties) = preSolution
		HideSolutionNode = FALSE
	EndGlobalSection
	GlobalSection(ExtensibilityGlobals) = postSolution
		SolutionGuid = {214BD0F2-50DA-4FBE-8A39-4A4EB6AC4F51}
	EndGlobalSection
EndGlobal
